
Microsoft Visual Studio Solution File, Format Version 12.00
# Visual Studio Version 17
VisualStudioVersion = 17.5.33530.505
MinimumVisualStudioVersion = 10.0.40219.1
Project("{9A19103F-16F7-4668-BE54-9A1E7A4F7556}") = "LambdaAWS", "LambdaAWS\LambdaAWS.csproj", "{5E248B6D-B014-43E9-A21F-AD046AB766CE}"
EndProject
Project("{9A19103F-16F7-4668-BE54-9A1E7A4F7556}") = "LambdaWithDynamoDB", "LambdaWithDynamoDB\LambdaWithDynamoDB.csproj", "{3D151FF8-1DC8-4FDF-A751-A21A57FFC64C}"
EndProject
Global
	GlobalSection(SolutionConfigurationPlatforms) = preSolution
		Debug|Any CPU = Debug|Any CPU
		Release|Any CPU = Release|Any CPU
	EndGlobalSection
	GlobalSection(ProjectConfigurationPlatforms) = postSolution
		{5E248B6D-B014-43E9-A21F-AD046AB766CE}.Debug|Any CPU.ActiveCfg = Debug|Any CPU
		{5E248B6D-B014-43E9-A21F-AD046AB766CE}.Debug|Any CPU.Build.0 = Debug|Any CPU
		{5E248B6D-B014-43E9-A21F-AD046AB766CE}.Release|Any CPU.ActiveCfg = Release|Any CPU
		{5E248B6D-B014-43E9-A21F-AD046AB766CE}.Release|Any CPU.Build.0 = Release|Any CPU
		{3D151FF8-1DC8-4FDF-A751-A21A57FFC64C}.Debug|Any CPU.ActiveCfg = Debug|Any CPU
		{3D151FF8-1DC8-4FDF-A751-A21A57FFC64C}.Debug|Any CPU.Build.0 = Debug|Any CPU
		{3D151FF8-1DC8-4FDF-A751-A21A57FFC64C}.Release|Any CPU.ActiveCfg = Release|Any CPU
		{3D151FF8-1DC8-4FDF-A751-A21A57FFC64C}.Release|Any CPU.Build.0 = Release|Any CPU
	EndGlobalSection
	GlobalSection(SolutionProperties) = preSolution
		HideSolutionNode = FALSE
	EndGlobalSection
	GlobalSection(ExtensibilityGlobals) = postSolution
		SolutionGuid = {8A697582-DA04-49E0-BFF2-60F828330AEF}
	EndGlobalSection
EndGlobal
